Microsoft Visual Studio Solution File, Format Version 12.00
# Visual Studio Version 17
VisualStudioVersion = 17.5.2.0
MinimumVisualStudioVersion = 10.0.40219.1
Project("{FAE04EC0-301F-11D3-BF4B-00C04F79EFBC}") = "C#Talleres", "C#Talleres.csproj", "{025111AE-089D-D6E7-C6BC-9D150A0D9F9C}"
EndProject
Global
	GlobalSection(SolutionConfigurationPlatforms) = preSolution
		Debug|Any CPU = Debug|Any CPU
		Release|Any CPU = Release|Any CPU
	EndGlobalSection
	GlobalSection(ProjectConfigurationPlatforms) = postSolution
		{025111AE-089D-D6E7-C6BC-9D150A0D9F9C}.Debug|Any CPU.ActiveCfg = Debug|Any CPU
		{025111AE-089D-D6E7-C6BC-9D150A0D9F9C}.Debug|Any CPU.Build.0 = Debug|Any CPU
		{025111AE-089D-D6E7-C6BC-9D150A0D9F9C}.Release|Any CPU.ActiveCfg = Release|Any CPU
		{025111AE-089D-D6E7-C6BC-9D150A0D9F9C}.Release|Any CPU.Build.0 = Release|Any CPU
	EndGlobalSection
	GlobalSection(SolutionProperties) = preSolution
		HideSolutionNode = FALSE
	EndGlobalSection
	GlobalSection(ExtensibilityGlobals) = postSolution
		SolutionGuid = {9CD9A759-BDF1-443C-9861-D3699BDBD388}
	EndGlobalSection
EndGlobal
